
Microsoft Visual Studio Solution File, Format Version 12.00
# Visual Studio 2013
VisualStudioVersion = 12.0.31101.0
MinimumVisualStudioVersion = 10.0.40219.1
Project("{FAE04EC0-301F-11D3-BF4B-00C04F79EFBC}") = "Rz.Dominio", "Rz.Dominio\Rz.Dominio.csproj", "{C6291251-ACA4-43BD-9220-733AD9F1953F}"
EndProject
Project("{FAE04EC0-301F-11D3-BF4B-00C04F79EFBC}") = "Rz.Web", "Rz.Web\Rz.Web.csproj", "{BAB7F6ED-F34A-47A0-8D65-ECA43C969FF6}"
EndProject
Project("{FAE04EC0-301F-11D3-BF4B-00C04F79EFBC}") = "Rz.UnitTest", "Rz.UnitTest\Rz.UnitTest.csproj", "{A0038CDA-3151-4F15-95B5-E02735490AEB}"
EndProject
Global
	GlobalSection(SolutionConfigurationPlatforms) = preSolution
		Debug|Any CPU = Debug|Any CPU
		Release|Any CPU = Release|Any CPU
	EndGlobalSection
	GlobalSection(ProjectConfigurationPlatforms) = postSolution
		{C6291251-ACA4-43BD-9220-733AD9F1953F}.Debug|Any CPU.ActiveCfg = Debug|Any CPU
		{C6291251-ACA4-43BD-9220-733AD9F1953F}.Debug|Any CPU.Build.0 = Debug|Any CPU
		{C6291251-ACA4-43BD-9220-733AD9F1953F}.Release|Any CPU.ActiveCfg = Release|Any CPU
		{C6291251-ACA4-43BD-9220-733AD9F1953F}.Release|Any CPU.Build.0 = Release|Any CPU
		{BAB7F6ED-F34A-47A0-8D65-ECA43C969FF6}.Debug|Any CPU.ActiveCfg = Debug|Any CPU
		{BAB7F6ED-F34A-47A0-8D65-ECA43C969FF6}.Debug|Any CPU.Build.0 = Debug|Any CPU
		{BAB7F6ED-F34A-47A0-8D65-ECA43C969FF6}.Release|Any CPU.ActiveCfg = Release|Any CPU
		{BAB7F6ED-F34A-47A0-8D65-ECA43C969FF6}.Release|Any CPU.Build.0 = Release|Any CPU
		{A0038CDA-3151-4F15-95B5-E02735490AEB}.Debug|Any CPU.ActiveCfg = Debug|Any CPU
		{A0038CDA-3151-4F15-95B5-E02735490AEB}.Debug|Any CPU.Build.0 = Debug|Any CPU
		{A0038CDA-3151-4F15-95B5-E02735490AEB}.Release|Any CPU.ActiveCfg = Release|Any CPU
		{A0038CDA-3151-4F15-95B5-E02735490AEB}.Release|Any CPU.Build.0 = Release|Any CPU
	EndGlobalSection
	GlobalSection(SolutionProperties) = preSolution
		HideSolutionNode = FALSE
	EndGlobalSection
EndGlobal
